
Microsoft Visual Studio Solution File, Format Version 12.00
# Visual Studio 15
VisualStudioVersion = 15.0.28307.136
MinimumVisualStudioVersion = 10.0.40219.1
Project("{FAE04EC0-301F-11D3-BF4B-00C04F79EFBC}") = "ConcurrentLinkedList", "ConcurrentLinkedList\ConcurrentLinkedList.csproj", "{4C31A49C-F6B4-4CD4-8899-3AD490210B74}"
EndProject
Global
	GlobalSection(SolutionConfigurationPlatforms) = preSolution
		Debug|Any CPU = Debug|Any CPU
		Release|Any CPU = Release|Any CPU
	EndGlobalSection
	GlobalSection(ProjectConfigurationPlatforms) = postSolution
		{4C31A49C-F6B4-4CD4-8899-3AD490210B74}.Debug|Any CPU.ActiveCfg = Debug|Any CPU
		{4C31A49C-F6B4-4CD4-8899-3AD490210B74}.Debug|Any CPU.Build.0 = Debug|Any CPU
		{4C31A49C-F6B4-4CD4-8899-3AD490210B74}.Release|Any CPU.ActiveCfg = Release|Any CPU
		{4C31A49C-F6B4-4CD4-8899-3AD490210B74}.Release|Any CPU.Build.0 = Release|Any CPU
	EndGlobalSection
	GlobalSection(SolutionProperties) = preSolution
		HideSolutionNode = FALSE
	EndGlobalSection
	GlobalSection(ExtensibilityGlobals) = postSolution
		SolutionGuid = {A08696D3-05BB-40AA-AC2F-8DCF872D9C95}
	EndGlobalSection
EndGlobal
